
Microsoft Visual Studio Solution File, Format Version 12.00
# Visual Studio Version 16
VisualStudioVersion = 16.0.31613.86
MinimumVisualStudioVersion = 10.0.40219.1
Project("{FAE04EC0-301F-11D3-BF4B-00C04F79EFBC}") = "Assignment2_U98588719", "Assignment2_U98588719.csproj", "{B0BD401A-DEEA-4147-A688-F6FB729FC5AB}"
EndProject
Global
	GlobalSection(SolutionConfigurationPlatforms) = preSolution
		Debug|Any CPU = Debug|Any CPU
		Release|Any CPU = Release|Any CPU
	EndGlobalSection
	GlobalSection(ProjectConfigurationPlatforms) = postSolution
		{B0BD401A-DEEA-4147-A688-F6FB729FC5AB}.Debug|Any CPU.ActiveCfg = Debug|Any CPU
		{B0BD401A-DEEA-4147-A688-F6FB729FC5AB}.Debug|Any CPU.Build.0 = Debug|Any CPU
		{B0BD401A-DEEA-4147-A688-F6FB729FC5AB}.Release|Any CPU.ActiveCfg = Release|Any CPU
		{B0BD401A-DEEA-4147-A688-F6FB729FC5AB}.Release|Any CPU.Build.0 = Release|Any CPU
	EndGlobalSection
	GlobalSection(SolutionProperties) = preSolution
		HideSolutionNode = FALSE
	EndGlobalSection
	GlobalSection(ExtensibilityGlobals) = postSolution
		SolutionGuid = {7FF46929-7CC8-49CA-8466-A2064FD99EDE}
	EndGlobalSection
EndGlobal
